
Microsoft Visual Studio Solution File, Format Version 12.00
# Visual Studio Version 17
VisualStudioVersion = 17.0.31825.309
MinimumVisualStudioVersion = 10.0.40219.1
Project("{9A19103F-16F7-4668-BE54-9A1E7A4F7556}") = "NRtfTree", "NRtfTree\NRtfTree.csproj", "{3038398B-A7A2-41BF-9FCC-0A8D12181AA3}"
EndProject
Project("{9A19103F-16F7-4668-BE54-9A1E7A4F7556}") = "StoryBuilderLib", "StoryBuilderLib\StoryBuilderLib.csproj", "{BBC53610-1C2F-4137-AAB3-DDA496D8F105}"
EndProject
Project("{9A19103F-16F7-4668-BE54-9A1E7A4F7556}") = "StoryBuilderTests", "StoryBuilderTests\StoryBuilderTests.csproj", "{69742676-79D0-4F84-8AA2-B766AC002F6A}"
EndProject
Project("{9A19103F-16F7-4668-BE54-9A1E7A4F7556}") = "StoryBuilder", "StoryBuilder\StoryBuilder.csproj", "{BC359F5C-E784-4FD5-80E5-63A6A0FB853C}"
EndProject
Project("{2150E333-8FDC-42A3-9474-1A3956D46DE8}") = "Solution Items", "Solution Items", "{10629CB1-BAB9-4F98-9359-0E89CD116847}"
	ProjectSection(SolutionItems) = preProject
		.editorconfig = .editorconfig
	EndProjectSection
EndProject
Global
	GlobalSection(SolutionConfigurationPlatforms) = preSolution
		Debug|Any CPU = Debug|Any CPU
		Debug|x64 = Debug|x64
		Debug|x86 = Debug|x86
		Release|Any CPU = Release|Any CPU
		Release|x64 = Release|x64
		Release|x86 = Release|x86
	EndGlobalSection
	GlobalSection(ProjectConfigurationPlatforms) = postSolution
		{3038398B-A7A2-41BF-9FCC-0A8D12181AA3}.Debug|Any CPU.ActiveCfg = Debug|x64
		{3038398B-A7A2-41BF-9FCC-0A8D12181AA3}.Debug|Any CPU.Build.0 = Debug|x64
		{3038398B-A7A2-41BF-9FCC-0A8D12181AA3}.Debug|x64.ActiveCfg = Debug|x64
		{3038398B-A7A2-41BF-9FCC-0A8D12181AA3}.Debug|x64.Build.0 = Debug|x64
		{3038398B-A7A2-41BF-9FCC-0A8D12181AA3}.Debug|x86.ActiveCfg = Debug|x86
		{3038398B-A7A2-41BF-9FCC-0A8D12181AA3}.Debug|x86.Build.0 = Debug|x86
		{3038398B-A7A2-41BF-9FCC-0A8D12181AA3}.Release|Any CPU.ActiveCfg = Release|x64
		{3038398B-A7A2-41BF-9FCC-0A8D12181AA3}.Release|Any CPU.Build.0 = Release|x64
		{3038398B-A7A2-41BF-9FCC-0A8D12181AA3}.Release|x64.ActiveCfg = Release|x64
		{3038398B-A7A2-41BF-9FCC-0A8D12181AA3}.Release|x64.Build.0 = Release|x64
		{3038398B-A7A2-41BF-9FCC-0A8D12181AA3}.Release|x86.ActiveCfg = Release|x86
		{3038398B-A7A2-41BF-9FCC-0A8D12181AA3}.Release|x86.Build.0 = Release|x86
		{BBC53610-1C2F-4137-AAB3-DDA496D8F105}.Debug|Any CPU.ActiveCfg = Debug|x64
		{BBC53610-1C2F-4137-AAB3-DDA496D8F105}.Debug|Any CPU.Build.0 = Debug|x64
		{BBC53610-1C2F-4137-AAB3-DDA496D8F105}.Debug|x64.ActiveCfg = Debug|x64
		{BBC53610-1C2F-4137-AAB3-DDA496D8F105}.Debug|x64.Build.0 = Debug|x64
		{BBC53610-1C2F-4137-AAB3-DDA496D8F105}.Debug|x86.ActiveCfg = Debug|x86
		{BBC53610-1C2F-4137-AAB3-DDA496D8F105}.Debug|x86.Build.0 = Debug|x86
		{BBC53610-1C2F-4137-AAB3-DDA496D8F105}.Release|Any CPU.ActiveCfg = Release|x64
		{BBC53610-1C2F-4137-AAB3-DDA496D8F105}.Release|Any CPU.Build.0 = Release|x64
		{BBC53610-1C2F-4137-AAB3-DDA496D8F105}.Release|x64.ActiveCfg = Release|x64
		{BBC53610-1C2F-4137-AAB3-DDA496D8F105}.Release|x64.Build.0 = Release|x64
		{BBC53610-1C2F-4137-AAB3-DDA496D8F105}.Release|x86.ActiveCfg = Release|x86
		{BBC53610-1C2F-4137-AAB3-DDA496D8F105}.Release|x86.Build.0 = Release|x86
		{69742676-79D0-4F84-8AA2-B766AC002F6A}.Debug|Any CPU.ActiveCfg = Debug|x64
		{69742676-79D0-4F84-8AA2-B766AC002F6A}.Debug|Any CPU.Build.0 = Debug|x64
		{69742676-79D0-4F84-8AA2-B766AC002F6A}.Debug|x64.ActiveCfg = Debug|x64
		{69742676-79D0-4F84-8AA2-B766AC002F6A}.Debug|x64.Build.0 = Debug|x64
		{69742676-79D0-4F84-8AA2-B766AC002F6A}.Debug|x86.ActiveCfg = Debug|x86
		{69742676-79D0-4F84-8AA2-B766AC002F6A}.Debug|x86.Build.0 = Debug|x86
		{69742676-79D0-4F84-8AA2-B766AC002F6A}.Release|Any CPU.ActiveCfg = Release|x64
		{69742676-79D0-4F84-8AA2-B766AC002F6A}.Release|Any CPU.Build.0 = Release|x64
		{69742676-79D0-4F84-8AA2-B766AC002F6A}.Release|x64.ActiveCfg = Release|x64
		{69742676-79D0-4F84-8AA2-B766AC002F6A}.Release|x64.Build.0 = Release|x64
		{69742676-79D0-4F84-8AA2-B766AC002F6A}.Release|x86.ActiveCfg = Release|x86
		{69742676-79D0-4F84-8AA2-B766AC002F6A}.Release|x86.Build.0 = Release|x86
		{BC359F5C-E784-4FD5-80E5-63A6A0FB853C}.Debug|Any CPU.ActiveCfg = Debug|x64
		{BC359F5C-E784-4FD5-80E5-63A6A0FB853C}.Debug|Any CPU.Build.0 = Debug|x64
		{BC359F5C-E784-4FD5-80E5-63A6A0FB853C}.Debug|Any CPU.Deploy.0 = Debug|x64
		{BC359F5C-E784-4FD5-80E5-63A6A0FB853C}.Debug|x64.ActiveCfg = Debug|x64
		{BC359F5C-E784-4FD5-80E5-63A6A0FB853C}.Debug|x64.Build.0 = Debug|x64
		{BC359F5C-E784-4FD5-80E5-63A6A0FB853C}.Debug|x64.Deploy.0 = Debug|x64
		{BC359F5C-E784-4FD5-80E5-63A6A0FB853C}.Debug|x86.ActiveCfg = Debug|x86
		{BC359F5C-E784-4FD5-80E5-63A6A0FB853C}.Debug|x86.Build.0 = Debug|x86
		{BC359F5C-E784-4FD5-80E5-63A6A0FB853C}.Debug|x86.Deploy.0 = Debug|x86
		{BC359F5C-E784-4FD5-80E5-63A6A0FB853C}.Release|Any CPU.ActiveCfg = Release|x64
		{BC359F5C-E784-4FD5-80E5-63A6A0FB853C}.Release|Any CPU.Build.0 = Release|x64
		{BC359F5C-E784-4FD5-80E5-63A6A0FB853C}.Release|Any CPU.Deploy.0 = Release|x64
		{BC359F5C-E784-4FD5-80E5-63A6A0FB853C}.Release|x64.ActiveCfg = Release|x64
		{BC359F5C-E784-4FD5-80E5-63A6A0FB853C}.Release|x64.Build.0 = Release|x64
		{BC359F5C-E784-4FD5-80E5-63A6A0FB853C}.Release|x64.Deploy.0 = Release|x64
		{BC359F5C-E784-4FD5-80E5-63A6A0FB853C}.Release|x86.ActiveCfg = Release|x86
		{BC359F5C-E784-4FD5-80E5-63A6A0FB853C}.Release|x86.Build.0 = Release|x86
		{BC359F5C-E784-4FD5-80E5-63A6A0FB853C}.Release|x86.Deploy.0 = Release|x86
	EndGlobalSection
	GlobalSection(SolutionProperties) = preSolution
		HideSolutionNode = FALSE
	EndGlobalSection
	GlobalSection(ExtensibilityGlobals) = postSolution
		SolutionGuid = {BE4F5521-2D8A-429D-8808-76A77C298EBC}
	EndGlobalSection
EndGlobal
