
Microsoft Visual Studio Solution File, Format Version 12.00
# Visual Studio Version 16
VisualStudioVersion = 16.0.31320.298
MinimumVisualStudioVersion = 10.0.40219.1
Project("{C7167F0D-BC9F-4E6E-AFE1-012C56B48DB5}") = "StoryBuilder (Package)", "StoryBuilder\StoryBuilder (Package)\StoryBuilder (Package).wapproj", "{E7548DC4-71A8-4899-A66A-FFB599BDF1F2}"
EndProject
Project("{9A19103F-16F7-4668-BE54-9A1E7A4F7556}") = "StoryBuilder", "StoryBuilder\StoryBuilder\StoryBuilder.csproj", "{AE1811B7-1DDE-4E3C-9AC6-BBAD9F89A943}"
EndProject
Project("{9A19103F-16F7-4668-BE54-9A1E7A4F7556}") = "NRtfTree", "NRtfTree\NRtfTree.csproj", "{6D0CDE6D-A4C2-470E-B6AB-A5ABBE2B23B5}"
EndProject
Project("{9A19103F-16F7-4668-BE54-9A1E7A4F7556}") = "StoryBuilderLib", "StoryBuilderLib\StoryBuilderLib.csproj", "{92A9521E-167C-45F1-A937-1DD257D69BBA}"
EndProject
Project("{9A19103F-16F7-4668-BE54-9A1E7A4F7556}") = "CreateInstallManifest", "CreateInstallManifest\CreateInstallManifest.csproj", "{ED46456E-5CF4-4AC8-81C9-CD8092AFE5C4}"
EndProject
Project("{9A19103F-16F7-4668-BE54-9A1E7A4F7556}") = "StoryBuilderTests", "StoryBuilderTests\StoryBuilderTests.csproj", "{EB0E4AC8-BD00-47E9-8C34-021AB3B56B28}"
	ProjectSection(ProjectDependencies) = postProject
		{92A9521E-167C-45F1-A937-1DD257D69BBA} = {92A9521E-167C-45F1-A937-1DD257D69BBA}
		{AE1811B7-1DDE-4E3C-9AC6-BBAD9F89A943} = {AE1811B7-1DDE-4E3C-9AC6-BBAD9F89A943}
	EndProjectSection
EndProject
Project("{2150E333-8FDC-42A3-9474-1A3956D46DE8}") = "Install", "Install", "{955E3675-65A2-4B8A-BA04-16381A4191DC}"
EndProject
Global
	GlobalSection(SolutionConfigurationPlatforms) = preSolution
		Debug|Any CPU = Debug|Any CPU
		Debug|arm64 = Debug|arm64
		Debug|x64 = Debug|x64
		Debug|x86 = Debug|x86
		Release|Any CPU = Release|Any CPU
		Release|arm64 = Release|arm64
		Release|x64 = Release|x64
		Release|x86 = Release|x86
	EndGlobalSection
	GlobalSection(ProjectConfigurationPlatforms) = postSolution
		{E7548DC4-71A8-4899-A66A-FFB599BDF1F2}.Debug|Any CPU.ActiveCfg = Debug|x86
		{E7548DC4-71A8-4899-A66A-FFB599BDF1F2}.Debug|arm64.ActiveCfg = Debug|arm64
		{E7548DC4-71A8-4899-A66A-FFB599BDF1F2}.Debug|arm64.Build.0 = Debug|arm64
		{E7548DC4-71A8-4899-A66A-FFB599BDF1F2}.Debug|arm64.Deploy.0 = Debug|arm64
		{E7548DC4-71A8-4899-A66A-FFB599BDF1F2}.Debug|x64.ActiveCfg = Debug|x86
		{E7548DC4-71A8-4899-A66A-FFB599BDF1F2}.Debug|x64.Build.0 = Debug|x86
		{E7548DC4-71A8-4899-A66A-FFB599BDF1F2}.Debug|x64.Deploy.0 = Debug|x86
		{E7548DC4-71A8-4899-A66A-FFB599BDF1F2}.Debug|x86.ActiveCfg = Debug|x64
		{E7548DC4-71A8-4899-A66A-FFB599BDF1F2}.Debug|x86.Build.0 = Debug|x64
		{E7548DC4-71A8-4899-A66A-FFB599BDF1F2}.Debug|x86.Deploy.0 = Debug|x64
		{E7548DC4-71A8-4899-A66A-FFB599BDF1F2}.Release|Any CPU.ActiveCfg = Release|x86
		{E7548DC4-71A8-4899-A66A-FFB599BDF1F2}.Release|arm64.ActiveCfg = Release|arm64
		{E7548DC4-71A8-4899-A66A-FFB599BDF1F2}.Release|arm64.Build.0 = Release|arm64
		{E7548DC4-71A8-4899-A66A-FFB599BDF1F2}.Release|arm64.Deploy.0 = Release|arm64
		{E7548DC4-71A8-4899-A66A-FFB599BDF1F2}.Release|x64.ActiveCfg = Release|x64
		{E7548DC4-71A8-4899-A66A-FFB599BDF1F2}.Release|x64.Build.0 = Release|x64
		{E7548DC4-71A8-4899-A66A-FFB599BDF1F2}.Release|x64.Deploy.0 = Release|x64
		{E7548DC4-71A8-4899-A66A-FFB599BDF1F2}.Release|x86.ActiveCfg = Release|x86
		{E7548DC4-71A8-4899-A66A-FFB599BDF1F2}.Release|x86.Build.0 = Release|x86
		{E7548DC4-71A8-4899-A66A-FFB599BDF1F2}.Release|x86.Deploy.0 = Release|x86
		{AE1811B7-1DDE-4E3C-9AC6-BBAD9F89A943}.Debug|Any CPU.ActiveCfg = Debug|x86
		{AE1811B7-1DDE-4E3C-9AC6-BBAD9F89A943}.Debug|arm64.ActiveCfg = Debug|arm64
		{AE1811B7-1DDE-4E3C-9AC6-BBAD9F89A943}.Debug|arm64.Build.0 = Debug|arm64
		{AE1811B7-1DDE-4E3C-9AC6-BBAD9F89A943}.Debug|x64.ActiveCfg = Debug|x86
		{AE1811B7-1DDE-4E3C-9AC6-BBAD9F89A943}.Debug|x64.Build.0 = Debug|x86
		{AE1811B7-1DDE-4E3C-9AC6-BBAD9F89A943}.Debug|x86.ActiveCfg = Debug|x64
		{AE1811B7-1DDE-4E3C-9AC6-BBAD9F89A943}.Debug|x86.Build.0 = Debug|x64
		{AE1811B7-1DDE-4E3C-9AC6-BBAD9F89A943}.Release|Any CPU.ActiveCfg = Release|x86
		{AE1811B7-1DDE-4E3C-9AC6-BBAD9F89A943}.Release|arm64.ActiveCfg = Release|arm64
		{AE1811B7-1DDE-4E3C-9AC6-BBAD9F89A943}.Release|arm64.Build.0 = Release|arm64
		{AE1811B7-1DDE-4E3C-9AC6-BBAD9F89A943}.Release|x64.ActiveCfg = Release|x64
		{AE1811B7-1DDE-4E3C-9AC6-BBAD9F89A943}.Release|x64.Build.0 = Release|x64
		{AE1811B7-1DDE-4E3C-9AC6-BBAD9F89A943}.Release|x86.ActiveCfg = Release|x86
		{AE1811B7-1DDE-4E3C-9AC6-BBAD9F89A943}.Release|x86.Build.0 = Release|x86
		{6D0CDE6D-A4C2-470E-B6AB-A5ABBE2B23B5}.Debug|Any CPU.ActiveCfg = Debug|Any CPU
		{6D0CDE6D-A4C2-470E-B6AB-A5ABBE2B23B5}.Debug|Any CPU.Build.0 = Debug|Any CPU
		{6D0CDE6D-A4C2-470E-B6AB-A5ABBE2B23B5}.Debug|arm64.ActiveCfg = Debug|Any CPU
		{6D0CDE6D-A4C2-470E-B6AB-A5ABBE2B23B5}.Debug|arm64.Build.0 = Debug|Any CPU
		{6D0CDE6D-A4C2-470E-B6AB-A5ABBE2B23B5}.Debug|x64.ActiveCfg = Debug|x86
		{6D0CDE6D-A4C2-470E-B6AB-A5ABBE2B23B5}.Debug|x64.Build.0 = Debug|x86
		{6D0CDE6D-A4C2-470E-B6AB-A5ABBE2B23B5}.Debug|x86.ActiveCfg = Debug|x64
		{6D0CDE6D-A4C2-470E-B6AB-A5ABBE2B23B5}.Debug|x86.Build.0 = Debug|x64
		{6D0CDE6D-A4C2-470E-B6AB-A5ABBE2B23B5}.Release|Any CPU.ActiveCfg = Release|Any CPU
		{6D0CDE6D-A4C2-470E-B6AB-A5ABBE2B23B5}.Release|Any CPU.Build.0 = Release|Any CPU
		{6D0CDE6D-A4C2-470E-B6AB-A5ABBE2B23B5}.Release|arm64.ActiveCfg = Release|Any CPU
		{6D0CDE6D-A4C2-470E-B6AB-A5ABBE2B23B5}.Release|arm64.Build.0 = Release|Any CPU
		{6D0CDE6D-A4C2-470E-B6AB-A5ABBE2B23B5}.Release|x64.ActiveCfg = Release|x64
		{6D0CDE6D-A4C2-470E-B6AB-A5ABBE2B23B5}.Release|x64.Build.0 = Release|x64
		{6D0CDE6D-A4C2-470E-B6AB-A5ABBE2B23B5}.Release|x86.ActiveCfg = Release|Any CPU
		{6D0CDE6D-A4C2-470E-B6AB-A5ABBE2B23B5}.Release|x86.Build.0 = Release|Any CPU
		{92A9521E-167C-45F1-A937-1DD257D69BBA}.Debug|Any CPU.ActiveCfg = Debug|Any CPU
		{92A9521E-167C-45F1-A937-1DD257D69BBA}.Debug|Any CPU.Build.0 = Debug|Any CPU
		{92A9521E-167C-45F1-A937-1DD257D69BBA}.Debug|arm64.ActiveCfg = Debug|Any CPU
		{92A9521E-167C-45F1-A937-1DD257D69BBA}.Debug|arm64.Build.0 = Debug|Any CPU
		{92A9521E-167C-45F1-A937-1DD257D69BBA}.Debug|x64.ActiveCfg = Debug|x86
		{92A9521E-167C-45F1-A937-1DD257D69BBA}.Debug|x64.Build.0 = Debug|x86
		{92A9521E-167C-45F1-A937-1DD257D69BBA}.Debug|x86.ActiveCfg = Debug|x64
		{92A9521E-167C-45F1-A937-1DD257D69BBA}.Debug|x86.Build.0 = Debug|x64
		{92A9521E-167C-45F1-A937-1DD257D69BBA}.Release|Any CPU.ActiveCfg = Release|Any CPU
		{92A9521E-167C-45F1-A937-1DD257D69BBA}.Release|Any CPU.Build.0 = Release|Any CPU
		{92A9521E-167C-45F1-A937-1DD257D69BBA}.Release|arm64.ActiveCfg = Release|Any CPU
		{92A9521E-167C-45F1-A937-1DD257D69BBA}.Release|arm64.Build.0 = Release|Any CPU
		{92A9521E-167C-45F1-A937-1DD257D69BBA}.Release|x64.ActiveCfg = Release|Any CPU
		{92A9521E-167C-45F1-A937-1DD257D69BBA}.Release|x64.Build.0 = Release|Any CPU
		{92A9521E-167C-45F1-A937-1DD257D69BBA}.Release|x86.ActiveCfg = Release|Any CPU
		{92A9521E-167C-45F1-A937-1DD257D69BBA}.Release|x86.Build.0 = Release|Any CPU
		{ED46456E-5CF4-4AC8-81C9-CD8092AFE5C4}.Debug|Any CPU.ActiveCfg = Debug|Any CPU
		{ED46456E-5CF4-4AC8-81C9-CD8092AFE5C4}.Debug|Any CPU.Build.0 = Debug|Any CPU
		{ED46456E-5CF4-4AC8-81C9-CD8092AFE5C4}.Debug|arm64.ActiveCfg = Debug|Any CPU
		{ED46456E-5CF4-4AC8-81C9-CD8092AFE5C4}.Debug|arm64.Build.0 = Debug|Any CPU
		{ED46456E-5CF4-4AC8-81C9-CD8092AFE5C4}.Debug|x64.ActiveCfg = Debug|Any CPU
		{ED46456E-5CF4-4AC8-81C9-CD8092AFE5C4}.Debug|x64.Build.0 = Debug|Any CPU
		{ED46456E-5CF4-4AC8-81C9-CD8092AFE5C4}.Debug|x86.ActiveCfg = Debug|Any CPU
		{ED46456E-5CF4-4AC8-81C9-CD8092AFE5C4}.Debug|x86.Build.0 = Debug|Any CPU
		{ED46456E-5CF4-4AC8-81C9-CD8092AFE5C4}.Release|Any CPU.ActiveCfg = Release|Any CPU
		{ED46456E-5CF4-4AC8-81C9-CD8092AFE5C4}.Release|Any CPU.Build.0 = Release|Any CPU
		{ED46456E-5CF4-4AC8-81C9-CD8092AFE5C4}.Release|arm64.ActiveCfg = Release|Any CPU
		{ED46456E-5CF4-4AC8-81C9-CD8092AFE5C4}.Release|arm64.Build.0 = Release|Any CPU
		{ED46456E-5CF4-4AC8-81C9-CD8092AFE5C4}.Release|x64.ActiveCfg = Release|Any CPU
		{ED46456E-5CF4-4AC8-81C9-CD8092AFE5C4}.Release|x64.Build.0 = Release|Any CPU
		{ED46456E-5CF4-4AC8-81C9-CD8092AFE5C4}.Release|x86.ActiveCfg = Release|Any CPU
		{ED46456E-5CF4-4AC8-81C9-CD8092AFE5C4}.Release|x86.Build.0 = Release|Any CPU
		{EB0E4AC8-BD00-47E9-8C34-021AB3B56B28}.Debug|Any CPU.ActiveCfg = Debug|Any CPU
		{EB0E4AC8-BD00-47E9-8C34-021AB3B56B28}.Debug|Any CPU.Build.0 = Debug|Any CPU
		{EB0E4AC8-BD00-47E9-8C34-021AB3B56B28}.Debug|arm64.ActiveCfg = Debug|Any CPU
		{EB0E4AC8-BD00-47E9-8C34-021AB3B56B28}.Debug|arm64.Build.0 = Debug|Any CPU
		{EB0E4AC8-BD00-47E9-8C34-021AB3B56B28}.Debug|x64.ActiveCfg = Debug|x86
		{EB0E4AC8-BD00-47E9-8C34-021AB3B56B28}.Debug|x64.Build.0 = Debug|x86
		{EB0E4AC8-BD00-47E9-8C34-021AB3B56B28}.Debug|x86.ActiveCfg = Debug|x64
		{EB0E4AC8-BD00-47E9-8C34-021AB3B56B28}.Debug|x86.Build.0 = Debug|x64
		{EB0E4AC8-BD00-47E9-8C34-021AB3B56B28}.Release|Any CPU.ActiveCfg = Release|Any CPU
		{EB0E4AC8-BD00-47E9-8C34-021AB3B56B28}.Release|Any CPU.Build.0 = Release|Any CPU
		{EB0E4AC8-BD00-47E9-8C34-021AB3B56B28}.Release|arm64.ActiveCfg = Release|Any CPU
		{EB0E4AC8-BD00-47E9-8C34-021AB3B56B28}.Release|arm64.Build.0 = Release|Any CPU
		{EB0E4AC8-BD00-47E9-8C34-021AB3B56B28}.Release|x64.ActiveCfg = Release|Any CPU
		{EB0E4AC8-BD00-47E9-8C34-021AB3B56B28}.Release|x64.Build.0 = Release|Any CPU
		{EB0E4AC8-BD00-47E9-8C34-021AB3B56B28}.Release|x86.ActiveCfg = Release|Any CPU
		{EB0E4AC8-BD00-47E9-8C34-021AB3B56B28}.Release|x86.Build.0 = Release|Any CPU
	EndGlobalSection
	GlobalSection(SolutionProperties) = preSolution
		HideSolutionNode = FALSE
	EndGlobalSection
	GlobalSection(ExtensibilityGlobals) = postSolution
		SolutionGuid = {5DBF0B04-7B72-4A2C-A385-28A03139DA49}
	EndGlobalSection
EndGlobal
